
Microsoft Visual Studio Solution File, Format Version 12.00
# Visual Studio Version 17
VisualStudioVersion = 17.9.34714.143
MinimumVisualStudioVersion = 10.0.40219.1
Project("{FAE04EC0-301F-11D3-BF4B-00C04F79EFBC}") = "ExcelDBviaEntityFramework", "ExcelDBviaEntityFramework\ExcelDBviaEntityFramework.csproj", "{87EBB2C0-857B-4218-ABA2-588916B89D41}"
EndProject
Project("{FAE04EC0-301F-11D3-BF4B-00C04F79EFBC}") = "ExcelDBviaEntityFramework.Tests", "ExcelDBviaEntityFramework.Tests\ExcelDBviaEntityFramework.Tests.csproj", "{B15A9F5E-5228-4CB4-B2A0-B356379CFF98}"
EndProject
Global
	GlobalSection(SolutionConfigurationPlatforms) = preSolution
		Debug|Any CPU = Debug|Any CPU
		Release|Any CPU = Release|Any CPU
	EndGlobalSection
	GlobalSection(ProjectConfigurationPlatforms) = postSolution
		{87EBB2C0-857B-4218-ABA2-588916B89D41}.Debug|Any CPU.ActiveCfg = Debug|Any CPU
		{87EBB2C0-857B-4218-ABA2-588916B89D41}.Debug|Any CPU.Build.0 = Debug|Any CPU
		{87EBB2C0-857B-4218-ABA2-588916B89D41}.Release|Any CPU.ActiveCfg = Release|Any CPU
		{87EBB2C0-857B-4218-ABA2-588916B89D41}.Release|Any CPU.Build.0 = Release|Any CPU
		{B15A9F5E-5228-4CB4-B2A0-B356379CFF98}.Debug|Any CPU.ActiveCfg = Debug|Any CPU
		{B15A9F5E-5228-4CB4-B2A0-B356379CFF98}.Debug|Any CPU.Build.0 = Debug|Any CPU
		{B15A9F5E-5228-4CB4-B2A0-B356379CFF98}.Release|Any CPU.ActiveCfg = Release|Any CPU
		{B15A9F5E-5228-4CB4-B2A0-B356379CFF98}.Release|Any CPU.Build.0 = Release|Any CPU
	EndGlobalSection
	GlobalSection(SolutionProperties) = preSolution
		HideSolutionNode = FALSE
	EndGlobalSection
	GlobalSection(ExtensibilityGlobals) = postSolution
		SolutionGuid = {93C89A68-8A10-4CEC-8479-ABA7CF88A5BF}
	EndGlobalSection
EndGlobal
